
Microsoft Visual Studio Solution File, Format Version 12.00
# Visual Studio Version 16
VisualStudioVersion = 16.0.29709.97
MinimumVisualStudioVersion = 10.0.40219.1
Project("{FAE04EC0-301F-11D3-BF4B-00C04F79EFBC}") = "Pra02-2", "Pra02-2\Pra02-2.csproj", "{C1281B37-5593-4375-98FF-96FBDAD61FED}"
EndProject
Global
	GlobalSection(SolutionConfigurationPlatforms) = preSolution
		Debug|Any CPU = Debug|Any CPU
		Release|Any CPU = Release|Any CPU
	EndGlobalSection
	GlobalSection(ProjectConfigurationPlatforms) = postSolution
		{C1281B37-5593-4375-98FF-96FBDAD61FED}.Debug|Any CPU.ActiveCfg = Debug|Any CPU
		{C1281B37-5593-4375-98FF-96FBDAD61FED}.Debug|Any CPU.Build.0 = Debug|Any CPU
		{C1281B37-5593-4375-98FF-96FBDAD61FED}.Release|Any CPU.ActiveCfg = Release|Any CPU
		{C1281B37-5593-4375-98FF-96FBDAD61FED}.Release|Any CPU.Build.0 = Release|Any CPU
	EndGlobalSection
	GlobalSection(SolutionProperties) = preSolution
		HideSolutionNode = FALSE
	EndGlobalSection
	GlobalSection(ExtensibilityGlobals) = postSolution
		SolutionGuid = {AD1CD158-EAB7-4162-BE16-BD679FA9D13F}
	EndGlobalSection
EndGlobal
